
Microsoft Visual Studio Solution File, Format Version 12.00
# Visual Studio Version 17
VisualStudioVersion = 17.14.36414.22 d17.14
MinimumVisualStudioVersion = 10.0.40219.1
Project("{FAE04EC0-301F-11D3-BF4B-00C04F79EFBC}") = "DietenKalkulua", "DietenKalkulua\DietenKalkulua.csproj", "{5615F319-C0E3-474A-BBF7-52F0DF2CCA29}"
EndProject
Global
	GlobalSection(SolutionConfigurationPlatforms) = preSolution
		Debug|Any CPU = Debug|Any CPU
		Release|Any CPU = Release|Any CPU
	EndGlobalSection
	GlobalSection(ProjectConfigurationPlatforms) = postSolution
		{5615F319-C0E3-474A-BBF7-52F0DF2CCA29}.Debug|Any CPU.ActiveCfg = Debug|Any CPU
		{5615F319-C0E3-474A-BBF7-52F0DF2CCA29}.Debug|Any CPU.Build.0 = Debug|Any CPU
		{5615F319-C0E3-474A-BBF7-52F0DF2CCA29}.Release|Any CPU.ActiveCfg = Release|Any CPU
		{5615F319-C0E3-474A-BBF7-52F0DF2CCA29}.Release|Any CPU.Build.0 = Release|Any CPU
	EndGlobalSection
	GlobalSection(SolutionProperties) = preSolution
		HideSolutionNode = FALSE
	EndGlobalSection
	GlobalSection(ExtensibilityGlobals) = postSolution
		SolutionGuid = {048892DE-E54B-4575-8BE0-D1DDD668B7B8}
	EndGlobalSection
EndGlobal
