
Microsoft Visual Studio Solution File, Format Version 12.00
# Visual Studio Version 17
VisualStudioVersion = 17.14.36414.22 d17.14
MinimumVisualStudioVersion = 10.0.40219.1
Project("{FAE04EC0-301F-11D3-BF4B-00C04F79EFBC}") = "IntroTekla", "IntroTekla\IntroTekla.csproj", "{466B4DEF-66A0-492D-80E2-91D4E9734A09}"
EndProject
Global
	GlobalSection(SolutionConfigurationPlatforms) = preSolution
		Debug|Any CPU = Debug|Any CPU
		Release|Any CPU = Release|Any CPU
	EndGlobalSection
	GlobalSection(ProjectConfigurationPlatforms) = postSolution
		{466B4DEF-66A0-492D-80E2-91D4E9734A09}.Debug|Any CPU.ActiveCfg = Debug|Any CPU
		{466B4DEF-66A0-492D-80E2-91D4E9734A09}.Debug|Any CPU.Build.0 = Debug|Any CPU
		{466B4DEF-66A0-492D-80E2-91D4E9734A09}.Release|Any CPU.ActiveCfg = Release|Any CPU
		{466B4DEF-66A0-492D-80E2-91D4E9734A09}.Release|Any CPU.Build.0 = Release|Any CPU
	EndGlobalSection
	GlobalSection(SolutionProperties) = preSolution
		HideSolutionNode = FALSE
	EndGlobalSection
	GlobalSection(ExtensibilityGlobals) = postSolution
		SolutionGuid = {9A6F7696-E173-4D88-A7C3-34401CFF0E0C}
	EndGlobalSection
EndGlobal
